
Microsoft Visual Studio Solution File, Format Version 12.00
# Visual Studio 15
Project("{FAE04EC0-301F-11D3-BF4B-00C04F79EFBC}") = "Assembly-CSharp", "Assembly-CSharp.csproj", "{FBDC1BB5-52C5-92E1-45AE-D07ABD42FB5F}"
EndProject
Global
	GlobalSection(SolutionConfigurationPlatforms) = preSolution
		Debug|Any CPU = Debug|Any CPU
		Release|Any CPU = Release|Any CPU
	EndGlobalSection
	GlobalSection(ProjectConfigurationPlatforms) = postSolution
		{FBDC1BB5-52C5-92E1-45AE-D07ABD42FB5F}.Debug|Any CPU.ActiveCfg = Debug|Any CPU
		{FBDC1BB5-52C5-92E1-45AE-D07ABD42FB5F}.Debug|Any CPU.Build.0 = Debug|Any CPU
		{FBDC1BB5-52C5-92E1-45AE-D07ABD42FB5F}.Release|Any CPU.ActiveCfg = Release|Any CPU
		{FBDC1BB5-52C5-92E1-45AE-D07ABD42FB5F}.Release|Any CPU.Build.0 = Release|Any CPU
	EndGlobalSection
	GlobalSection(SolutionProperties) = preSolution
		HideSolutionNode = FALSE
	EndGlobalSection
EndGlobal
